
Microsoft Visual Studio Solution File, Format Version 12.00
# Visual Studio Version 16
VisualStudioVersion = 16.0.29519.87
MinimumVisualStudioVersion = 10.0.40219.1
Project("{FAE04EC0-301F-11D3-BF4B-00C04F79EFBC}") = "DatingApp.API", "DatingApp.API\DatingApp.API.csproj", "{27DEA385-1E8C-4797-A1F1-BCA7D21120E5}"
EndProject
Global
	GlobalSection(SolutionConfigurationPlatforms) = preSolution
		Debug|Any CPU = Debug|Any CPU
		Release|Any CPU = Release|Any CPU
	EndGlobalSection
	GlobalSection(ProjectConfigurationPlatforms) = postSolution
		{27DEA385-1E8C-4797-A1F1-BCA7D21120E5}.Debug|Any CPU.ActiveCfg = Debug|Any CPU
		{27DEA385-1E8C-4797-A1F1-BCA7D21120E5}.Debug|Any CPU.Build.0 = Debug|Any CPU
		{27DEA385-1E8C-4797-A1F1-BCA7D21120E5}.Release|Any CPU.ActiveCfg = Release|Any CPU
		{27DEA385-1E8C-4797-A1F1-BCA7D21120E5}.Release|Any CPU.Build.0 = Release|Any CPU
	EndGlobalSection
	GlobalSection(SolutionProperties) = preSolution
		HideSolutionNode = FALSE
	EndGlobalSection
	GlobalSection(ExtensibilityGlobals) = postSolution
		SolutionGuid = {BB5169FF-678C-4AA0-8AAC-8798ECD25493}
	EndGlobalSection
EndGlobal
